
Microsoft Visual Studio Solution File, Format Version 12.00
# Visual Studio Version 17
VisualStudioVersion = 17.9.34607.119
MinimumVisualStudioVersion = 10.0.40219.1
Project("{9A19103F-16F7-4668-BE54-9A1E7A4F7556}") = "marketdata.api", "marketdata.api\marketdata.api.csproj", "{C1356FF2-F2C6-4C76-804C-E6C5B8DB22B7}"
EndProject
Project("{9A19103F-16F7-4668-BE54-9A1E7A4F7556}") = "marketdata.domain", "marketdata.domain\marketdata.domain.csproj", "{86FDE1B6-323B-4444-BFC1-516DCBC8F91E}"
EndProject
Project("{2150E333-8FDC-42A3-9474-1A3956D46DE8}") = "docs", "docs", "{E22B0D8E-4D6D-467A-812A-C5211790387B}"
	ProjectSection(SolutionItems) = preProject
		alpaca.txt = alpaca.txt
		aws.txt = aws.txt
		journey.txt = journey.txt
	EndProjectSection
EndProject
Project("{9A19103F-16F7-4668-BE54-9A1E7A4F7556}") = "marketdata.infrastructure", "marketdata.infrastructure\marketdata.infrastructure.csproj", "{26A759BB-6493-488D-9909-CB8B40E31BE1}"
EndProject
Project("{9A19103F-16F7-4668-BE54-9A1E7A4F7556}") = "marketdata.test", "marketdata.test\marketdata.test.csproj", "{DA29380B-A23C-45A5-BFC1-6FF382C4818F}"
EndProject
Project("{2150E333-8FDC-42A3-9474-1A3956D46DE8}") = "apps", "apps", "{AF085E52-1308-4BEC-B0C9-538A7FDF6D6B}"
EndProject
Project("{9A19103F-16F7-4668-BE54-9A1E7A4F7556}") = "marketdata.notifier", "marketdata.notifier\marketdata.notifier.csproj", "{B5B3513B-1863-47BF-89B6-1D539C145AD3}"
EndProject
Project("{9A19103F-16F7-4668-BE54-9A1E7A4F7556}") = "marketdata.persister", "marketdata.persister\marketdata.persister.csproj", "{FB5BCB0D-D51F-4814-B54C-138CD8B96993}"
EndProject
Project("{9A19103F-16F7-4668-BE54-9A1E7A4F7556}") = "marketdata.listener", "marketdata.listener\marketdata.listener.csproj", "{A0B00C27-FD78-4D32-956D-EFAB74BCF047}"
EndProject
Project("{9A19103F-16F7-4668-BE54-9A1E7A4F7556}") = "marketdata.ecs", "marketdata.ecs\marketdata.ecs.csproj", "{826DAADD-9949-40E5-BD25-DBF5A6A3DFDE}"
EndProject
Project("{FAE04EC0-301F-11D3-BF4B-00C04F79EFBC}") = "marketdata.socket", "marketdata.socket\marketdata.socket.csproj", "{5F5CC98D-65ED-4CBD-A34C-FDD26779609E}"
EndProject
Global
	GlobalSection(SolutionConfigurationPlatforms) = preSolution
		Debug|Any CPU = Debug|Any CPU
		Release|Any CPU = Release|Any CPU
	EndGlobalSection
	GlobalSection(ProjectConfigurationPlatforms) = postSolution
		{C1356FF2-F2C6-4C76-804C-E6C5B8DB22B7}.Debug|Any CPU.ActiveCfg = Debug|Any CPU
		{C1356FF2-F2C6-4C76-804C-E6C5B8DB22B7}.Debug|Any CPU.Build.0 = Debug|Any CPU
		{C1356FF2-F2C6-4C76-804C-E6C5B8DB22B7}.Release|Any CPU.ActiveCfg = Release|Any CPU
		{C1356FF2-F2C6-4C76-804C-E6C5B8DB22B7}.Release|Any CPU.Build.0 = Release|Any CPU
		{86FDE1B6-323B-4444-BFC1-516DCBC8F91E}.Debug|Any CPU.ActiveCfg = Debug|Any CPU
		{86FDE1B6-323B-4444-BFC1-516DCBC8F91E}.Debug|Any CPU.Build.0 = Debug|Any CPU
		{86FDE1B6-323B-4444-BFC1-516DCBC8F91E}.Release|Any CPU.ActiveCfg = Release|Any CPU
		{86FDE1B6-323B-4444-BFC1-516DCBC8F91E}.Release|Any CPU.Build.0 = Release|Any CPU
		{26A759BB-6493-488D-9909-CB8B40E31BE1}.Debug|Any CPU.ActiveCfg = Debug|Any CPU
		{26A759BB-6493-488D-9909-CB8B40E31BE1}.Debug|Any CPU.Build.0 = Debug|Any CPU
		{26A759BB-6493-488D-9909-CB8B40E31BE1}.Release|Any CPU.ActiveCfg = Release|Any CPU
		{26A759BB-6493-488D-9909-CB8B40E31BE1}.Release|Any CPU.Build.0 = Release|Any CPU
		{DA29380B-A23C-45A5-BFC1-6FF382C4818F}.Debug|Any CPU.ActiveCfg = Debug|Any CPU
		{DA29380B-A23C-45A5-BFC1-6FF382C4818F}.Debug|Any CPU.Build.0 = Debug|Any CPU
		{DA29380B-A23C-45A5-BFC1-6FF382C4818F}.Release|Any CPU.ActiveCfg = Release|Any CPU
		{DA29380B-A23C-45A5-BFC1-6FF382C4818F}.Release|Any CPU.Build.0 = Release|Any CPU
		{B5B3513B-1863-47BF-89B6-1D539C145AD3}.Debug|Any CPU.ActiveCfg = Debug|Any CPU
		{B5B3513B-1863-47BF-89B6-1D539C145AD3}.Debug|Any CPU.Build.0 = Debug|Any CPU
		{B5B3513B-1863-47BF-89B6-1D539C145AD3}.Release|Any CPU.ActiveCfg = Release|Any CPU
		{B5B3513B-1863-47BF-89B6-1D539C145AD3}.Release|Any CPU.Build.0 = Release|Any CPU
		{FB5BCB0D-D51F-4814-B54C-138CD8B96993}.Debug|Any CPU.ActiveCfg = Debug|Any CPU
		{FB5BCB0D-D51F-4814-B54C-138CD8B96993}.Debug|Any CPU.Build.0 = Debug|Any CPU
		{FB5BCB0D-D51F-4814-B54C-138CD8B96993}.Release|Any CPU.ActiveCfg = Release|Any CPU
		{FB5BCB0D-D51F-4814-B54C-138CD8B96993}.Release|Any CPU.Build.0 = Release|Any CPU
		{A0B00C27-FD78-4D32-956D-EFAB74BCF047}.Debug|Any CPU.ActiveCfg = Debug|Any CPU
		{A0B00C27-FD78-4D32-956D-EFAB74BCF047}.Debug|Any CPU.Build.0 = Debug|Any CPU
		{A0B00C27-FD78-4D32-956D-EFAB74BCF047}.Release|Any CPU.ActiveCfg = Release|Any CPU
		{A0B00C27-FD78-4D32-956D-EFAB74BCF047}.Release|Any CPU.Build.0 = Release|Any CPU
		{826DAADD-9949-40E5-BD25-DBF5A6A3DFDE}.Debug|Any CPU.ActiveCfg = Debug|Any CPU
		{826DAADD-9949-40E5-BD25-DBF5A6A3DFDE}.Debug|Any CPU.Build.0 = Debug|Any CPU
		{826DAADD-9949-40E5-BD25-DBF5A6A3DFDE}.Release|Any CPU.ActiveCfg = Release|Any CPU
		{826DAADD-9949-40E5-BD25-DBF5A6A3DFDE}.Release|Any CPU.Build.0 = Release|Any CPU
		{5F5CC98D-65ED-4CBD-A34C-FDD26779609E}.Debug|Any CPU.ActiveCfg = Debug|Any CPU
		{5F5CC98D-65ED-4CBD-A34C-FDD26779609E}.Debug|Any CPU.Build.0 = Debug|Any CPU
		{5F5CC98D-65ED-4CBD-A34C-FDD26779609E}.Release|Any CPU.ActiveCfg = Release|Any CPU
		{5F5CC98D-65ED-4CBD-A34C-FDD26779609E}.Release|Any CPU.Build.0 = Release|Any CPU
	EndGlobalSection
	GlobalSection(SolutionProperties) = preSolution
		HideSolutionNode = FALSE
	EndGlobalSection
	GlobalSection(NestedProjects) = preSolution
		{C1356FF2-F2C6-4C76-804C-E6C5B8DB22B7} = {AF085E52-1308-4BEC-B0C9-538A7FDF6D6B}
		{B5B3513B-1863-47BF-89B6-1D539C145AD3} = {AF085E52-1308-4BEC-B0C9-538A7FDF6D6B}
		{FB5BCB0D-D51F-4814-B54C-138CD8B96993} = {AF085E52-1308-4BEC-B0C9-538A7FDF6D6B}
		{A0B00C27-FD78-4D32-956D-EFAB74BCF047} = {AF085E52-1308-4BEC-B0C9-538A7FDF6D6B}
		{826DAADD-9949-40E5-BD25-DBF5A6A3DFDE} = {AF085E52-1308-4BEC-B0C9-538A7FDF6D6B}
		{5F5CC98D-65ED-4CBD-A34C-FDD26779609E} = {AF085E52-1308-4BEC-B0C9-538A7FDF6D6B}
	EndGlobalSection
	GlobalSection(ExtensibilityGlobals) = postSolution
		SolutionGuid = {460638F1-D30D-4726-AB07-592CA43CD8BA}
	EndGlobalSection
EndGlobal
